// !$*UTF8*$!
{
	archiveVersion = 1;
	classes = {
	};
	objectVersion = 55;
	objects = {

/* Begin PBXBuildFile section */
		37094D902891AE5D00350595 /* Detail.storyboard in Resources */ = {isa = PBXBuildFile; fileRef = 37094D8F2891AE5D00350595 /* Detail.storyboard */; };
		37094D922891BB2600350595 /* DetailViewController.swift in Sources */ = {isa = PBXBuildFile; fileRef = 37094D912891BB2600350595 /* DetailViewController.swift */; };
		37094DA7289209EE00350595 /* SplashViewModel.swift in Sources */ = {isa = PBXBuildFile; fileRef = 37094DA6289209EE00350595 /* SplashViewModel.swift */; };
		3720DCF6289493AE00099FC3 /* HomeViewModel.swift in Sources */ = {isa = PBXBuildFile; fileRef = 3720DCF5289493AE00099FC3 /* HomeViewModel.swift */; };
		3724ADF3288F56A10053E7DB /* AppDelegate.swift in Sources */ = {isa = PBXBuildFile; fileRef = 3724ADF2288F56A10053E7DB /* AppDelegate.swift */; };
		3724ADF5288F56A10053E7DB /* SceneDelegate.swift in Sources */ = {isa = PBXBuildFile; fileRef = 3724ADF4288F56A10053E7DB /* SceneDelegate.swift */; };
		3724ADF7288F56A10053E7DB /* SplashViewController.swift in Sources */ = {isa = PBXBuildFile; fileRef = 3724ADF6288F56A10053E7DB /* SplashViewController.swift */; };
		3724ADFC288F56A50053E7DB /* Assets.xcassets in Resources */ = {isa = PBXBuildFile; fileRef = 3724ADFB288F56A50053E7DB /* Assets.xcassets */; };
		3724ADFF288F56A50053E7DB /* LaunchScreen.storyboard in Resources */ = {isa = PBXBuildFile; fileRef = 3724ADFD288F56A50053E7DB /* LaunchScreen.storyboard */; };
		3724AE07288F59990053E7DB /* Splash.storyboard in Resources */ = {isa = PBXBuildFile; fileRef = 3724AE06288F59990053E7DB /* Splash.storyboard */; };
		3724AE09288F73860053E7DB /* Home.storyboard in Resources */ = {isa = PBXBuildFile; fileRef = 3724AE08288F73860053E7DB /* Home.storyboard */; };
		3724AE0B288F73DE0053E7DB /* HomeViewController.swift in Sources */ = {isa = PBXBuildFile; fileRef = 3724AE0A288F73DE0053E7DB /* HomeViewController.swift */; };
		3724AE0D288F98130053E7DB /* CellView.swift in Sources */ = {isa = PBXBuildFile; fileRef = 3724AE0C288F98130053E7DB /* CellView.swift */; };
		3724AE0F288FA31C0053E7DB /* HeroModel.swift in Sources */ = {isa = PBXBuildFile; fileRef = 3724AE0E288FA31C0053E7DB /* HeroModel.swift */; };
		3724AE11288FA3B90053E7DB /* NetworkModel.swift in Sources */ = {isa = PBXBuildFile; fileRef = 3724AE10288FA3B90053E7DB /* NetworkModel.swift */; };
		3724AE13288FA8130053E7DB /* UIImageViewExtension.swift in Sources */ = {isa = PBXBuildFile; fileRef = 3724AE12288FA8130053E7DB /* UIImageViewExtension.swift */; };
		3724AE15288FA8F00053E7DB /* Constants.swift in Sources */ = {isa = PBXBuildFile; fileRef = 3724AE14288FA8F00053E7DB /* Constants.swift */; };
		3724AE17288FAF580053E7DB /* UIViewControllerExtension.swift in Sources */ = {isa = PBXBuildFile; fileRef = 3724AE16288FAF580053E7DB /* UIViewControllerExtension.swift */; };
		37FA89342890DA4400D120C1 /* UIViewExtension.swift in Sources */ = {isa = PBXBuildFile; fileRef = 37FA89332890DA4400D120C1 /* UIViewExtension.swift */; };
/* End PBXBuildFile section */

/* Begin PBXFileReference section */
		37094D8F2891AE5D00350595 /* Detail.storyboard */ = {isa = PBXFileReference; lastKnownFileType = file.storyboard; path = Detail.storyboard; sourceTree = "<group>"; };
		37094D912891BB2600350595 /* DetailViewController.swift */ = {isa = PBXFileReference; lastKnownFileType = sourcecode.swift; path = DetailViewController.swift; sourceTree = "<group>"; };
		37094DA6289209EE00350595 /* SplashViewModel.swift */ = {isa = PBXFileReference; lastKnownFileType = sourcecode.swift; path = SplashViewModel.swift; sourceTree = "<group>"; };
		3720DCF5289493AE00099FC3 /* HomeViewModel.swift */ = {isa = PBXFileReference; lastKnownFileType = sourcecode.swift; path = HomeViewModel.swift; sourceTree = "<group>"; };
		3724ADEF288F56A10053E7DB /* DesignPatterns.app */ = {isa = PBXFileReference; explicitFileType = wrapper.application; includeInIndex = 0; path = DesignPatterns.app; sourceTree = BUILT_PRODUCTS_DIR; };
		3724ADF2288F56A10053E7DB /* AppDelegate.swift */ = {isa = PBXFileReference; lastKnownFileType = sourcecode.swift; path = AppDelegate.swift; sourceTree = "<group>"; };
		3724ADF4288F56A10053E7DB /* SceneDelegate.swift */ = {isa = PBXFileReference; lastKnownFileType = sourcecode.swift; path = SceneDelegate.swift; sourceTree = "<group>"; };
		3724ADF6288F56A10053E7DB /* SplashViewController.swift */ = {isa = PBXFileReference; lastKnownFileType = sourcecode.swift; path = SplashViewController.swift; sourceTree = "<group>"; };
		3724ADFB288F56A50053E7DB /* Assets.xcassets */ = {isa = PBXFileReference; lastKnownFileType = folder.assetcatalog; path = Assets.xcassets; sourceTree = "<group>"; };
		3724ADFE288F56A50053E7DB /* Base */ = {isa = PBXFileReference; lastKnownFileType = file.storyboard; name = Base; path = Base.lproj/LaunchScreen.storyboard; sourceTree = "<group>"; };
		3724AE00288F56A50053E7DB /* Info.plist */ = {isa = PBXFileReference; lastKnownFileType = text.plist.xml; path = Info.plist; sourceTree = "<group>"; };
		3724AE06288F59990053E7DB /* Splash.storyboard */ = {isa = PBXFileReference; lastKnownFileType = file.storyboard; path = Splash.storyboard; sourceTree = "<group>"; };
		3724AE08288F73860053E7DB /* Home.storyboard */ = {isa = PBXFileReference; lastKnownFileType = file.storyboard; path = Home.storyboard; sourceTree = "<group>"; };
		3724AE0A288F73DE0053E7DB /* HomeViewController.swift */ = {isa = PBXFileReference; lastKnownFileType = sourcecode.swift; path = HomeViewController.swift; sourceTree = "<group>"; };
		3724AE0C288F98130053E7DB /* CellView.swift */ = {isa = PBXFileReference; lastKnownFileType = sourcecode.swift; path = CellView.swift; sourceTree = "<group>"; };
		3724AE0E288FA31C0053E7DB /* HeroModel.swift */ = {isa = PBXFileReference; lastKnownFileType = sourcecode.swift; path = HeroModel.swift; sourceTree = "<group>"; };
		3724AE10288FA3B90053E7DB /* NetworkModel.swift */ = {isa = PBXFileReference; lastKnownFileType = sourcecode.swift; path = NetworkModel.swift; sourceTree = "<group>"; };
		3724AE12288FA8130053E7DB /* UIImageViewExtension.swift */ = {isa = PBXFileReference; lastKnownFileType = sourcecode.swift; path = UIImageViewExtension.swift; sourceTree = "<group>"; };
		3724AE14288FA8F00053E7DB /* Constants.swift */ = {isa = PBXFileReference; lastKnownFileType = sourcecode.swift; path = Constants.swift; sourceTree = "<group>"; };
		3724AE16288FAF580053E7DB /* UIViewControllerExtension.swift */ = {isa = PBXFileReference; lastKnownFileType = sourcecode.swift; path = UIViewControllerExtension.swift; sourceTree = "<group>"; };
		37FA89332890DA4400D120C1 /* UIViewExtension.swift */ = {isa = PBXFileReference; lastKnownFileType = sourcecode.swift; path = UIViewExtension.swift; sourceTree = "<group>"; };
/* End PBXFileReference section */

/* Begin PBXFrameworksBuildPhase section */
		3724ADEC288F56A10053E7DB /* Frameworks */ = {
			isa = PBXFrameworksBuildPhase;
			buildActionMask = 2147483647;
			files = (
			);
			runOnlyForDeploymentPostprocessing = 0;
		};
/* End PBXFrameworksBuildPhase section */

/* Begin PBXGroup section */
		37094D932892022900350595 /* App */ = {
			isa = PBXGroup;
			children = (
				3724ADF2288F56A10053E7DB /* AppDelegate.swift */,
				3724ADF4288F56A10053E7DB /* SceneDelegate.swift */,
			);
			path = App;
			sourceTree = "<group>";
		};
		37094D942892025000350595 /* Resources */ = {
			isa = PBXGroup;
			children = (
				3724ADFB288F56A50053E7DB /* Assets.xcassets */,
			);
			path = Resources;
			sourceTree = "<group>";
		};
		37094D95289202C500350595 /* UI */ = {
			isa = PBXGroup;
			children = (
				37094D9A2892048600350595 /* Extensions */,
				37094D96289202E300350595 /* Splash */,
				37094D97289202F400350595 /* Home */,
				37094D98289202FF00350595 /* Detail */,
			);
			path = UI;
			sourceTree = "<group>";
		};
		37094D96289202E300350595 /* Splash */ = {
			isa = PBXGroup;
			children = (
				37094D9D289206B200350595 /* Views */,
				37094D9E289206F100350595 /* Controllers */,
				37094D9F2892070700350595 /* ViewModels */,
			);
			path = Splash;
			sourceTree = "<group>";
		};
		37094D97289202F400350595 /* Home */ = {
			isa = PBXGroup;
			children = (
				37094DA2289207FA00350595 /* Views */,
				37094DA1289207EC00350595 /* Controllers */,
				37094DA0289207E000350595 /* ViewModels */,
			);
			path = Home;
			sourceTree = "<group>";
		};
		37094D98289202FF00350595 /* Detail */ = {
			isa = PBXGroup;
			children = (
				37094DA52892089500350595 /* Views */,
				37094DA42892088900350595 /* Controllers */,
				37094DA32892087E00350595 /* ViewModels */,
			);
			path = Detail;
			sourceTree = "<group>";
		};
		37094D992892042D00350595 /* Domain */ = {
			isa = PBXGroup;
			children = (
				37094D9C2892055000350595 /* Constants */,
				37094D9B289204FA00350595 /* Models */,
			);
			path = Domain;
			sourceTree = "<group>";
		};
		37094D9A2892048600350595 /* Extensions */ = {
			isa = PBXGroup;
			children = (
				37FA89332890DA4400D120C1 /* UIViewExtension.swift */,
				3724AE16288FAF580053E7DB /* UIViewControllerExtension.swift */,
				3724AE12288FA8130053E7DB /* UIImageViewExtension.swift */,
			);
			path = Extensions;
			sourceTree = "<group>";
		};
		37094D9B289204FA00350595 /* Models */ = {
			isa = PBXGroup;
			children = (
				3724AE0E288FA31C0053E7DB /* HeroModel.swift */,
				3724AE10288FA3B90053E7DB /* NetworkModel.swift */,
			);
			path = Models;
			sourceTree = "<group>";
		};
		37094D9C2892055000350595 /* Constants */ = {
			isa = PBXGroup;
			children = (
				3724AE14288FA8F00053E7DB /* Constants.swift */,
			);
			path = Constants;
			sourceTree = "<group>";
		};
		37094D9D289206B200350595 /* Views */ = {
			isa = PBXGroup;
			children = (
				3724ADFD288F56A50053E7DB /* LaunchScreen.storyboard */,
				3724AE06288F59990053E7DB /* Splash.storyboard */,
			);
			path = Views;
			sourceTree = "<group>";
		};
		37094D9E289206F100350595 /* Controllers */ = {
			isa = PBXGroup;
			children = (
				3724ADF6288F56A10053E7DB /* SplashViewController.swift */,
			);
			path = Controllers;
			sourceTree = "<group>";
		};
		37094D9F2892070700350595 /* ViewModels */ = {
			isa = PBXGroup;
			children = (
				37094DA6289209EE00350595 /* SplashViewModel.swift */,
			);
			path = ViewModels;
			sourceTree = "<group>";
		};
		37094DA0289207E000350595 /* ViewModels */ = {
			isa = PBXGroup;
			children = (
				3720DCF5289493AE00099FC3 /* HomeViewModel.swift */,
			);
			path = ViewModels;
			sourceTree = "<group>";
		};
		37094DA1289207EC00350595 /* Controllers */ = {
			isa = PBXGroup;
			children = (
				3724AE0C288F98130053E7DB /* CellView.swift */,
				3724AE0A288F73DE0053E7DB /* HomeViewController.swift */,
			);
			path = Controllers;
			sourceTree = "<group>";
		};
		37094DA2289207FA00350595 /* Views */ = {
			isa = PBXGroup;
			children = (
				3724AE08288F73860053E7DB /* Home.storyboard */,
			);
			path = Views;
			sourceTree = "<group>";
		};
		37094DA32892087E00350595 /* ViewModels */ = {
			isa = PBXGroup;
			children = (
			);
			path = ViewModels;
			sourceTree = "<group>";
		};
		37094DA42892088900350595 /* Controllers */ = {
			isa = PBXGroup;
			children = (
				37094D912891BB2600350595 /* DetailViewController.swift */,
			);
			path = Controllers;
			sourceTree = "<group>";
		};
		37094DA52892089500350595 /* Views */ = {
			isa = PBXGroup;
			children = (
				37094D8F2891AE5D00350595 /* Detail.storyboard */,
			);
			path = Views;
			sourceTree = "<group>";
		};
		3724ADE6288F56A10053E7DB = {
			isa = PBXGroup;
			children = (
				3724ADF1288F56A10053E7DB /* DesignPatterns */,
				3724ADF0288F56A10053E7DB /* Products */,
			);
			sourceTree = "<group>";
		};
		3724ADF0288F56A10053E7DB /* Products */ = {
			isa = PBXGroup;
			children = (
				3724ADEF288F56A10053E7DB /* DesignPatterns.app */,
			);
			name = Products;
			sourceTree = "<group>";
		};
		3724ADF1288F56A10053E7DB /* DesignPatterns */ = {
			isa = PBXGroup;
			children = (
				3724AE00288F56A50053E7DB /* Info.plist */,
				37094D932892022900350595 /* App */,
				37094D942892025000350595 /* Resources */,
				37094D992892042D00350595 /* Domain */,
				37094D95289202C500350595 /* UI */,
			);
			path = DesignPatterns;
			sourceTree = "<group>";
		};
/* End PBXGroup section */

/* Begin PBXNativeTarget section */
		3724ADEE288F56A10053E7DB /* DesignPatterns */ = {
			isa = PBXNativeTarget;
			buildConfigurationList = 3724AE03288F56A50053E7DB /* Build configuration list for PBXNativeTarget "DesignPatterns" */;
			buildPhases = (
				3724ADEB288F56A10053E7DB /* Sources */,
				3724ADEC288F56A10053E7DB /* Frameworks */,
				3724ADED288F56A10053E7DB /* Resources */,
			);
			buildRules = (
			);
			dependencies = (
			);
			name = DesignPatterns;
			productName = DesignPatterns;
			productReference = 3724ADEF288F56A10053E7DB /* DesignPatterns.app */;
			productType = "com.apple.product-type.application";
		};
/* End PBXNativeTarget section */

/* Begin PBXProject section */
		3724ADE7288F56A10053E7DB /* Project object */ = {
			isa = PBXProject;
			attributes = {
				BuildIndependentTargetsInParallel = 1;
				LastSwiftUpdateCheck = 1340;
				LastUpgradeCheck = 1340;
				TargetAttributes = {
					3724ADEE288F56A10053E7DB = {
						CreatedOnToolsVersion = 13.4.1;
					};
				};
			};
			buildConfigurationList = 3724ADEA288F56A10053E7DB /* Build configuration list for PBXProject "DesignPatterns" */;
			compatibilityVersion = "Xcode 13.0";
			developmentRegion = en;
			hasScannedForEncodings = 0;
			knownRegions = (
				en,
				Base,
			);
			mainGroup = 3724ADE6288F56A10053E7DB;
			productRefGroup = 3724ADF0288F56A10053E7DB /* Products */;
			projectDirPath = "";
			projectRoot = "";
			targets = (
				3724ADEE288F56A10053E7DB /* DesignPatterns */,
			);
		};
/* End PBXProject section */

/* Begin PBXResourcesBuildPhase section */
		3724ADED288F56A10053E7DB /* Resources */ = {
			isa = PBXResourcesBuildPhase;
			buildActionMask = 2147483647;
			files = (
				3724ADFF288F56A50053E7DB /* LaunchScreen.storyboard in Resources */,
				3724ADFC288F56A50053E7DB /* Assets.xcassets in Resources */,
				3724AE07288F59990053E7DB /* Splash.storyboard in Resources */,
				37094D902891AE5D00350595 /* Detail.storyboard in Resources */,
				3724AE09288F73860053E7DB /* Home.storyboard in Resources */,
			);
			runOnlyForDeploymentPostprocessing = 0;
		};
/* End PBXResourcesBuildPhase section */

/* Begin PBXSourcesBuildPhase section */
		3724ADEB288F56A10053E7DB /* Sources */ = {
			isa = PBXSourcesBuildPhase;
			buildActionMask = 2147483647;
			files = (
				3724ADF7288F56A10053E7DB /* SplashViewController.swift in Sources */,
				3724AE0D288F98130053E7DB /* CellView.swift in Sources */,
				37FA89342890DA4400D120C1 /* UIViewExtension.swift in Sources */,
				37094D922891BB2600350595 /* DetailViewController.swift in Sources */,
				3724AE17288FAF580053E7DB /* UIViewControllerExtension.swift in Sources */,
				3724ADF3288F56A10053E7DB /* AppDelegate.swift in Sources */,
				3724ADF5288F56A10053E7DB /* SceneDelegate.swift in Sources */,
				3724AE0B288F73DE0053E7DB /* HomeViewController.swift in Sources */,
				37094DA7289209EE00350595 /* SplashViewModel.swift in Sources */,
				3720DCF6289493AE00099FC3 /* HomeViewModel.swift in Sources */,
				3724AE11288FA3B90053E7DB /* NetworkModel.swift in Sources */,
				3724AE13288FA8130053E7DB /* UIImageViewExtension.swift in Sources */,
				3724AE0F288FA31C0053E7DB /* HeroModel.swift in Sources */,
				3724AE15288FA8F00053E7DB /* Constants.swift in Sources */,
			);
			runOnlyForDeploymentPostprocessing = 0;
		};
/* End PBXSourcesBuildPhase section */

/* Begin PBXVariantGroup section */
		3724ADFD288F56A50053E7DB /* LaunchScreen.storyboard */ = {
			isa = PBXVariantGroup;
			children = (
				3724ADFE288F56A50053E7DB /* Base */,
			);
			name = LaunchScreen.storyboard;
			sourceTree = "<group>";
		};
/* End PBXVariantGroup section */

/* Begin XCBuildConfiguration section */
		3724AE01288F56A50053E7DB /* Debug */ = {
			isa = XCBuildConfiguration;
			buildSettings = {
				ALWAYS_SEARCH_USER_PATHS = NO;
				CLANG_ANALYZER_NONNULL = YES;
				CLANG_ANALYZER_NUMBER_OBJECT_CONVERSION = YES_AGGRESSIVE;
				CLANG_CXX_LANGUAGE_STANDARD = "gnu++17";
				CLANG_ENABLE_MODULES = YES;
				CLANG_ENABLE_OBJC_ARC = YES;
				CLANG_ENABLE_OBJC_WEAK = YES;
				CLANG_WARN_BLOCK_CAPTURE_AUTORELEASING = YES;
				CLANG_WARN_BOOL_CONVERSION = YES;
				CLANG_WARN_COMMA = YES;
				CLANG_WARN_CONSTANT_CONVERSION = YES;
				CLANG_WARN_DEPRECATED_OBJC_IMPLEMENTATIONS = YES;
				CLANG_WARN_DIRECT_OBJC_ISA_USAGE = YES_ERROR;
				CLANG_WARN_DOCUMENTATION_COMMENTS = YES;
				CLANG_WARN_EMPTY_BODY = YES;
				CLANG_WARN_ENUM_CONVERSION = YES;
				CLANG_WARN_INFINITE_RECURSION = YES;
				CLANG_WARN_INT_CONVERSION = YES;
				CLANG_WARN_NON_LITERAL_NULL_CONVERSION = YES;
				CLANG_WARN_OBJC_IMPLICIT_RETAIN_SELF = YES;
				CLANG_WARN_OBJC_LITERAL_CONVERSION = YES;
				CLANG_WARN_OBJC_ROOT_CLASS = YES_ERROR;
				CLANG_WARN_QUOTED_INCLUDE_IN_FRAMEWORK_HEADER = YES;
				CLANG_WARN_RANGE_LOOP_ANALYSIS = YES;
				CLANG_WARN_STRICT_PROTOTYPES = YES;
				CLANG_WARN_SUSPICIOUS_MOVE = YES;
				CLANG_WARN_UNGUARDED_AVAILABILITY = YES_AGGRESSIVE;
				CLANG_WARN_UNREACHABLE_CODE = YES;
				CLANG_WARN__DUPLICATE_METHOD_MATCH = YES;
				COPY_PHASE_STRIP = NO;
				DEBUG_INFORMATION_FORMAT = dwarf;
				ENABLE_STRICT_OBJC_MSGSEND = YES;
				ENABLE_TESTABILITY = YES;
				GCC_C_LANGUAGE_STANDARD = gnu11;
				GCC_DYNAMIC_NO_PIC = NO;
				GCC_NO_COMMON_BLOCKS = YES;
				GCC_OPTIMIZATION_LEVEL = 0;
				GCC_PREPROCESSOR_DEFINITIONS = (
					"DEBUG=1",
					"$(inherited)",
				);
				GCC_WARN_64_TO_32_BIT_CONVERSION = YES;
				GCC_WARN_ABOUT_RETURN_TYPE = YES_ERROR;
				GCC_WARN_UNDECLARED_SELECTOR = YES;
				GCC_WARN_UNINITIALIZED_AUTOS = YES_AGGRESSIVE;
				GCC_WARN_UNUSED_FUNCTION = YES;
				GCC_WARN_UNUSED_VARIABLE = YES;
				IPHONEOS_DEPLOYMENT_TARGET = 15.5;
				MTL_ENABLE_DEBUG_INFO = INCLUDE_SOURCE;
				MTL_FAST_MATH = YES;
				ONLY_ACTIVE_ARCH = YES;
				SDKROOT = iphoneos;
				SWIFT_ACTIVE_COMPILATION_CONDITIONS = DEBUG;
				SWIFT_OPTIMIZATION_LEVEL = "-Onone";
			};
			name = Debug;
		};
		3724AE02288F56A50053E7DB /* Release */ = {
			isa = XCBuildConfiguration;
			buildSettings = {
				ALWAYS_SEARCH_USER_PATHS = NO;
				CLANG_ANALYZER_NONNULL = YES;
				CLANG_ANALYZER_NUMBER_OBJECT_CONVERSION = YES_AGGRESSIVE;
				CLANG_CXX_LANGUAGE_STANDARD = "gnu++17";
				CLANG_ENABLE_MODULES = YES;
				CLANG_ENABLE_OBJC_ARC = YES;
				CLANG_ENABLE_OBJC_WEAK = YES;
				CLANG_WARN_BLOCK_CAPTURE_AUTORELEASING = YES;
				CLANG_WARN_BOOL_CONVERSION = YES;
				CLANG_WARN_COMMA = YES;
				CLANG_WARN_CONSTANT_CONVERSION = YES;
				CLANG_WARN_DEPRECATED_OBJC_IMPLEMENTATIONS = YES;
				CLANG_WARN_DIRECT_OBJC_ISA_USAGE = YES_ERROR;
				CLANG_WARN_DOCUMENTATION_COMMENTS = YES;
				CLANG_WARN_EMPTY_BODY = YES;
				CLANG_WARN_ENUM_CONVERSION = YES;
				CLANG_WARN_INFINITE_RECURSION = YES;
				CLANG_WARN_INT_CONVERSION = YES;
				CLANG_WARN_NON_LITERAL_NULL_CONVERSION = YES;
				CLANG_WARN_OBJC_IMPLICIT_RETAIN_SELF = YES;
				CLANG_WARN_OBJC_LITERAL_CONVERSION = YES;
				CLANG_WARN_OBJC_ROOT_CLASS = YES_ERROR;
				CLANG_WARN_QUOTED_INCLUDE_IN_FRAMEWORK_HEADER = YES;
				CLANG_WARN_RANGE_LOOP_ANALYSIS = YES;
				CLANG_WARN_STRICT_PROTOTYPES = YES;
				CLANG_WARN_SUSPICIOUS_MOVE = YES;
				CLANG_WARN_UNGUARDED_AVAILABILITY = YES_AGGRESSIVE;
				CLANG_WARN_UNREACHABLE_CODE = YES;
				CLANG_WARN__DUPLICATE_METHOD_MATCH = YES;
				COPY_PHASE_STRIP = NO;
				DEBUG_INFORMATION_FORMAT = "dwarf-with-dsym";
				ENABLE_NS_ASSERTIONS = NO;
				ENABLE_STRICT_OBJC_MSGSEND = YES;
				GCC_C_LANGUAGE_STANDARD = gnu11;
				GCC_NO_COMMON_BLOCKS = YES;
				GCC_WARN_64_TO_32_BIT_CONVERSION = YES;
				GCC_WARN_ABOUT_RETURN_TYPE = YES_ERROR;
				GCC_WARN_UNDECLARED_SELECTOR = YES;
				GCC_WARN_UNINITIALIZED_AUTOS = YES_AGGRESSIVE;
				GCC_WARN_UNUSED_FUNCTION = YES;
				GCC_WARN_UNUSED_VARIABLE = YES;
				IPHONEOS_DEPLOYMENT_TARGET = 15.5;
				MTL_ENABLE_DEBUG_INFO = NO;
				MTL_FAST_MATH = YES;
				SDKROOT = iphoneos;
				SWIFT_COMPILATION_MODE = wholemodule;
				SWIFT_OPTIMIZATION_LEVEL = "-O";
				VALIDATE_PRODUCT = YES;
			};
			name = Release;
		};
		3724AE04288F56A50053E7DB /* Debug */ = {
			isa = XCBuildConfiguration;
			buildSettings = {
				ASSETCATALOG_COMPILER_APPICON_NAME = AppIcon;
				ASSETCATALOG_COMPILER_GLOBAL_ACCENT_COLOR_NAME = AccentColor;
				CODE_SIGN_STYLE = Automatic;
				CURRENT_PROJECT_VERSION = 1;
				GENERATE_INFOPLIST_FILE = YES;
				INFOPLIST_FILE = DesignPatterns/Info.plist;
				INFOPLIST_KEY_CFBundleDisplayName = DragonBallApp;
				INFOPLIST_KEY_UIApplicationSupportsIndirectInputEvents = YES;
				INFOPLIST_KEY_UILaunchStoryboardName = LaunchScreen;
				INFOPLIST_KEY_UISupportedInterfaceOrientations = UIInterfaceOrientationPortrait;
				INFOPLIST_KEY_UISupportedInterfaceOrientations_iPad = "UIInterfaceOrientationPortrait UIInterfaceOrientationPortraitUpsideDown UIInterfaceOrientationLandscapeLeft UIInterfaceOrientationLandscapeRight";
				INFOPLIST_KEY_UISupportedInterfaceOrientations_iPhone = "UIInterfaceOrientationPortrait UIInterfaceOrientationLandscapeLeft UIInterfaceOrientationLandscapeRight";
				LD_RUNPATH_SEARCH_PATHS = (
					"$(inherited)",
					"@executable_path/Frameworks",
				);
				MARKETING_VERSION = 1.0;
				PRODUCT_BUNDLE_IDENTIFIER = com.ivan.DesignPatterns;
				PRODUCT_NAME = "$(TARGET_NAME)";
				SWIFT_EMIT_LOC_STRINGS = YES;
				SWIFT_VERSION = 5.0;
				TARGETED_DEVICE_FAMILY = 1;
			};
			name = Debug;
		};
		3724AE05288F56A50053E7DB /* Release */ = {
			isa = XCBuildConfiguration;
			buildSettings = {
				ASSETCATALOG_COMPILER_APPICON_NAME = AppIcon;
				ASSETCATALOG_COMPILER_GLOBAL_ACCENT_COLOR_NAME = AccentColor;
				CODE_SIGN_STYLE = Automatic;
				CURRENT_PROJECT_VERSION = 1;
				GENERATE_INFOPLIST_FILE = YES;
				INFOPLIST_FILE = DesignPatterns/Info.plist;
				INFOPLIST_KEY_CFBundleDisplayName = DragonBallApp;
				INFOPLIST_KEY_UIApplicationSupportsIndirectInputEvents = YES;
				INFOPLIST_KEY_UILaunchStoryboardName = LaunchScreen;
				INFOPLIST_KEY_UISupportedInterfaceOrientations = UIInterfaceOrientationPortrait;
				INFOPLIST_KEY_UISupportedInterfaceOrientations_iPad = "UIInterfaceOrientationPortrait UIInterfaceOrientationPortraitUpsideDown UIInterfaceOrientationLandscapeLeft UIInterfaceOrientationLandscapeRight";
				INFOPLIST_KEY_UISupportedInterfaceOrientations_iPhone = "UIInterfaceOrientationPortrait UIInterfaceOrientationLandscapeLeft UIInterfaceOrientationLandscapeRight";
				LD_RUNPATH_SEARCH_PATHS = (
					"$(inherited)",
					"@executable_path/Frameworks",
				);
				MARKETING_VERSION = 1.0;
				PRODUCT_BUNDLE_IDENTIFIER = com.ivan.DesignPatterns;
				PRODUCT_NAME = "$(TARGET_NAME)";
				SWIFT_EMIT_LOC_STRINGS = YES;
				SWIFT_VERSION = 5.0;
				TARGETED_DEVICE_FAMILY = 1;
			};
			name = Release;
		};
/* End XCBuildConfiguration section */

/* Begin XCConfigurationList section */
		3724ADEA288F56A10053E7DB /* Build configuration list for PBXProject "DesignPatterns" */ = {
			isa = XCConfigurationList;
			buildConfigurations = (
				3724AE01288F56A50053E7DB /* Debug */,
				3724AE02288F56A50053E7DB /* Release */,
			);
			defaultConfigurationIsVisible = 0;
			defaultConfigurationName = Release;
		};
		3724AE03288F56A50053E7DB /* Build configuration list for PBXNativeTarget "DesignPatterns" */ = {
			isa = XCConfigurationList;
			buildConfigurations = (
				3724AE04288F56A50053E7DB /* Debug */,
				3724AE05288F56A50053E7DB /* Release */,
			);
			defaultConfigurationIsVisible = 0;
			defaultConfigurationName = Release;
		};
/* End XCConfigurationList section */
	};
	rootObject = 3724ADE7288F56A10053E7DB /* Project object */;
}
